
Microsoft Visual Studio Solution File, Format Version 12.00
# Visual Studio Version 17
VisualStudioVersion = 17.10.34928.147
MinimumVisualStudioVersion = 10.0.40219.1
Project("{FAE04EC0-301F-11D3-BF4B-00C04F79EFBC}") = "SumaAppMvvm", "SumaAppMvvm.csproj", "{1653DE3E-962A-472D-ABD7-3E34CAEC740F}"
EndProject
Global
	GlobalSection(SolutionConfigurationPlatforms) = preSolution
		Debug|Any CPU = Debug|Any CPU
		Release|Any CPU = Release|Any CPU
	EndGlobalSection
	GlobalSection(ProjectConfigurationPlatforms) = postSolution
		{1653DE3E-962A-472D-ABD7-3E34CAEC740F}.Debug|Any CPU.ActiveCfg = Debug|Any CPU
		{1653DE3E-962A-472D-ABD7-3E34CAEC740F}.Debug|Any CPU.Build.0 = Debug|Any CPU
		{1653DE3E-962A-472D-ABD7-3E34CAEC740F}.Debug|Any CPU.Deploy.0 = Debug|Any CPU
		{1653DE3E-962A-472D-ABD7-3E34CAEC740F}.Release|Any CPU.ActiveCfg = Release|Any CPU
		{1653DE3E-962A-472D-ABD7-3E34CAEC740F}.Release|Any CPU.Build.0 = Release|Any CPU
		{1653DE3E-962A-472D-ABD7-3E34CAEC740F}.Release|Any CPU.Deploy.0 = Release|Any CPU
	EndGlobalSection
	GlobalSection(SolutionProperties) = preSolution
		HideSolutionNode = FALSE
	EndGlobalSection
	GlobalSection(ExtensibilityGlobals) = postSolution
		SolutionGuid = {91E48279-B937-4269-8C6A-679E87F4C204}
	EndGlobalSection
EndGlobal
